hash: b0bf3d86c4cfe7237a591189b6674893450e55c315b8b4a801149f14129418aa
updated: 2016-06-28T19:46:39.539325803-04:00
imports:
- name: github.com/achanda/go-sysctl
  version: 6be7678c45d2052640e72060e4f5db6165b1ecab
- name: github.com/aelsabbahy/GOnetstat
  version: edf89f784e0876818dc19f7744a16742a0a66f16
- name: github.com/cheekybits/genny
  version: 670ed678f7799e3ead194eaf9a0848920a494889
  subpackages:
  - generic
- name: github.com/fatih/color
  version: 76d423163af754ff6423d2d9be0057fbf03c57c2
- name: github.com/mattn/go-isatty
  version: 7fcbc72f853b92b5720db4a6b8482be612daef24
- name: github.com/mitchellh/go-ps
  version: e6c6068076470196af082b1ff896e24a51a87b2a
- name: github.com/oleiade/reflections
  version: 632977f98cd34d217c4b57d0840ec188b3d3dcaf
- name: github.com/onsi/gomega
  version: c72df929b80ef4930aaa75d5e486887ff2f3e06a
  subpackages:
  - types
  - internal/assertion
  - internal/asyncassertion
  - internal/testingtsupport
  - matchers
  - internal/oraclematcher
  - format
  - matchers/support/goraph/bipartitegraph
  - matchers/support/goraph/edge
  - matchers/support/goraph/node
  - matchers/support/goraph/util
- name: github.com/opencontainers/runc
  version: 4e6893b05a6aa723daa5f9194361032c6beaca25
  subpackages:
  - libcontainer/user
- name: github.com/shiena/ansicolor
  version: d445752f6f66f9cd987722f109149f6799cdf1de
- name: github.com/urfave/cli
  version: 01857ac33766ce0c93856370626f9799281c14f4
- name: gopkg.in/yaml.v2
  version: f7716cbe52baa25d2e9b0d0da546fcf909fc16b4
devImports: []
