hash: f71bbb8b595ee521f767191c0c4b573aa1c97b343dd57c151af5222049e3956b
updated: 2016-06-13T19:14:36.802449836-04:00
imports:
- name: github.com/achanda/go-sysctl
  version: 6be7678c45d2052640e72060e4f5db6165b1ecab
- name: github.com/aelsabbahy/GOnetstat
  version: edf89f784e0876818dc19f7744a16742a0a66f16
- name: github.com/cheekybits/genny
  version: 670ed678f7799e3ead194eaf9a0848920a494889
  subpackages:
  - generic
  - parse
- name: github.com/urfave/cli
  version: 70e3fa51ebed95df8c0fbe1519c1c1f9bc16bb13
- name: github.com/coreos/go-systemd
  version: 3b83605751ed4d1e27268ad86e6a618a84578002
  vcs: git
  subpackages:
  - dbus
  - util
  - activation
- name: github.com/docker/docker
  version: 0f5c9d301b9b1cca66b3ea0f9dec3b5317d3686d
  subpackages:
  - pkg/mount
  - pkg/symlink
  - pkg/term
  - pkg/term/winconsole
- name: github.com/docker/go-units
  version: 9b001659dd36225e356b4467c465d732e745f53d
- name: github.com/drael/GOnetstat
  version: a08125f5157d481dd0d0355c021467bd8c84eb6d
- name: github.com/fatih/color
  version: 76d423163af754ff6423d2d9be0057fbf03c57c2
- name: github.com/godbus/dbus
  version: 9bb9dbf0e53309fa81d26e7230cbb6cff9373cad
  subpackages:
  - introspect
- name: github.com/golang/protobuf
  version: f7137ae6b19afbfd61a94b746fda3b3fe0491874
  subpackages:
  - proto
- name: github.com/mattn/go-isatty
  version: 7fcbc72f853b92b5720db4a6b8482be612daef24
- name: github.com/mitchellh/go-ps
  version: e6c6068076470196af082b1ff896e24a51a87b2a
- name: github.com/oleiade/reflections
  version: 632977f98cd34d217c4b57d0840ec188b3d3dcaf
- name: github.com/onsi/gomega
  version: c72df929b80ef4930aaa75d5e486887ff2f3e06a
  subpackages:
  - types
  - internal/assertion
  - internal/asyncassertion
  - internal/testingtsupport
  - matchers
  - format
  - gbytes
  - internal/oraclematcher
  - matchers/support/goraph/bipartitegraph
  - matchers/support/goraph/edge
  - matchers/support/goraph/node
  - matchers/support/goraph/util
- name: github.com/opencontainers/runc
  version: 4e6893b05a6aa723daa5f9194361032c6beaca25
  subpackages:
  - libcontainer/user
  - libcontainer
  - libcontainer/cgroups
  - libcontainer/configs
  - libcontainer/nsenter
  - libcontainer/seccomp
  - libcontainer/utils
  - libcontainer/apparmor
  - libcontainer/cgroups/fs
  - libcontainer/cgroups/systemd
  - libcontainer/configs/validate
  - libcontainer/criurpc
  - libcontainer/label
  - libcontainer/stacktrace
  - libcontainer/system
  - libcontainer/selinux
- name: github.com/opencontainers/specs
  version: 6de52a7d39c52a1e287182d0b4e6c03068236639
- name: github.com/seccomp/libseccomp-golang
  version: 1b506fc7c24eec5a3693cdcbed40d9c226cfc6a1
- name: github.com/shiena/ansicolor
  version: d445752f6f66f9cd987722f109149f6799cdf1de
- name: github.com/Sirupsen/logrus
  version: 26709e2714106fb8ad40b773b711ebce25b78914
- name: github.com/syndtr/gocapability
  version: 2c00daeb6c3b45114c80ac44119e7b8801fdd852
  subpackages:
  - capability
- name: github.com/urfave/cli
  version: 01857ac33766ce0c93856370626f9799281c14f4
  vcs: git
- name: github.com/vishvananda/netlink
  version: 1e2e08e8a2dcdacaae3f14ac44c5cfa31361f270
  subpackages:
  - nl
- name: golang.org/x/tools
  version: 95963e031d86b0e7dafe40fde044d7f610404855
  subpackages:
  - imports
  - go/ast/astutil
- name: gopkg.in/yaml.v2
  version: f7716cbe52baa25d2e9b0d0da546fcf909fc16b4
devImports: []
