hash: b04cb0c24eac631c480f6987cf538c9dfbb8a2e954f2f2d93dc56ad88ca11cdc
updated: 2016-06-11T19:37:47.775515163-04:00
imports:
- name: github.com/aelsabbahy/GOnetstat
  version: edf89f784e0876818dc19f7744a16742a0a66f16
- name: github.com/cheekybits/genny
  version: 670ed678f7799e3ead194eaf9a0848920a494889
  subpackages:
  - generic
  - parse
- name: github.com/urfave/cli
  version: e5bef42c62aa7d25aba4880dc02b7624f01e9e19
- name: github.com/coreos/go-systemd
  version: 3b83605751ed4d1e27268ad86e6a618a84578002
  subpackages:
  - dbus
  - util
- name: github.com/coreos/pkg
  version: db59686ef7fbc1c63a2325fe702be75bcfe7eedf
  subpackages:
  - dlopen
- name: github.com/docker/docker
  version: 0f5c9d301b9b1cca66b3ea0f9dec3b5317d3686d
  subpackages:
  - pkg/mount
  - pkg/symlink
  - pkg/term
  - pkg/term/winconsole
- name: github.com/docker/go-units
  version: 9b001659dd36225e356b4467c465d732e745f53d
- name: github.com/drael/GOnetstat
  version: a08125f5157d481dd0d0355c021467bd8c84eb6d
- name: github.com/fatih/color
  version: 87d4004f2ab62d0d255e0a38f1680aa534549fe3
- name: github.com/godbus/dbus
  version: 32c6cc29c14570de4cf6d7e7737d68fb2d01ad15
  subpackages:
  - introspect
- name: github.com/golang/protobuf
  version: f7137ae6b19afbfd61a94b746fda3b3fe0491874
  subpackages:
  - proto
- name: github.com/mattn/go-colorable
  version: 9056b7a9f2d1f2d96498d6d146acd1f9d5ed3d59
- name: github.com/mattn/go-isatty
  version: 56b76bdf51f7708750eac80fa38b952bb9f32639
- name: github.com/mitchellh/go-ps
  version: e6c6068076470196af082b1ff896e24a51a87b2a
- name: github.com/oleiade/reflections
  version: 632977f98cd34d217c4b57d0840ec188b3d3dcaf
- name: github.com/onsi/gomega
  version: c73e51675ad2455a4515b6213eb7145eaade4824
  subpackages:
  - types
  - internal/assertion
  - internal/asyncassertion
  - internal/testingtsupport
  - matchers
  - format
  - gbytes
  - internal/oraclematcher
  - matchers/support/goraph/bipartitegraph
  - matchers/support/goraph/edge
  - matchers/support/goraph/node
  - matchers/support/goraph/util
- name: github.com/opencontainers/runc
  version: a513998702d02a8bb3d2444660869ed3a677680c
  subpackages:
  - libcontainer/user
  - libcontainer
  - libcontainer/cgroups
  - libcontainer/configs
  - libcontainer/nsenter
  - libcontainer/seccomp
  - libcontainer/utils
  - libcontainer/apparmor
  - libcontainer/cgroups/fs
  - libcontainer/cgroups/systemd
  - libcontainer/configs/validate
  - libcontainer/criurpc
  - libcontainer/label
  - libcontainer/stacktrace
  - libcontainer/system
  - libcontainer/selinux
  - libcontainer/keys
- name: github.com/opencontainers/specs
  version: 6de52a7d39c52a1e287182d0b4e6c03068236639
- name: github.com/seccomp/libseccomp-golang
  version: 32f571b70023028bd57d9288c20efbcb237f3ce0
- name: github.com/shiena/ansicolor
  version: a422bbe96644373c5753384a59d678f7d261ff10
- name: github.com/Sirupsen/logrus
  version: 26709e2714106fb8ad40b773b711ebce25b78914
- name: github.com/syndtr/gocapability
  version: 2c00daeb6c3b45114c80ac44119e7b8801fdd852
  subpackages:
  - capability
- name: github.com/vishvananda/netlink
  version: 1e2e08e8a2dcdacaae3f14ac44c5cfa31361f270
  subpackages:
  - nl
- name: golang.org/x/sys
  version: 7f918dd405547ecb864d14a8ecbbfe205b5f930f
  subpackages:
  - unix
- name: golang.org/x/tools
  version: 95963e031d86b0e7dafe40fde044d7f610404855
  subpackages:
  - imports
  - go/ast/astutil
- name: gopkg.in/yaml.v2
  version: a83829b6f1293c91addabc89d0571c246397bbf4
devImports: []
