# This file is autogenerated, do not edit; changes may be undone by the next 'dep ensure'.


[[projects]]
  digest = "1:f25b74dd3e38beb61f842d28b5eaeb058e89f0da4a22187b6410f9bd2d1c4827"
  name = "github.com/achanda/go-sysctl"
  packages = ["."]
  pruneopts = "UT"
  revision = "6be7678c45d2052640e72060e4f5db6165b1ecab"

[[projects]]
  digest = "1:462f2491dc1f2a51eaad20d0858431b7b78a47007ffadb7e1fe6802f158d5931"
  name = "github.com/aelsabbahy/GOnetstat"
  packages = ["."]
  pruneopts = "UT"
  revision = "edf89f784e0876818dc19f7744a16742a0a66f16"

[[projects]]
  digest = "1:ba7888e42ed8bc5bb3cfc2a84efd3b36db90d9ec2c9559ae4cc581e968710beb"
  name = "github.com/aelsabbahy/go-ps"
  packages = ["."]
  pruneopts = "UT"
  revision = "443386855ca1f4d28d990ae9e46e9bc1533de994"

[[projects]]
  digest = "1:f438d91be142877c3ad83157992c91de787ddfbddcc2a7da1ef6ef61606cadc4"
  name = "github.com/cheekybits/genny"
  packages = ["generic"]
  pruneopts = "UT"
  revision = "e8e29e67948b15c64e60d6617182c18cf7eead7f"

[[projects]]
  digest = "1:f90b8392b93331d9b45212b3c8056af949b8bf4002a67b4a11b530ef566455d2"
  name = "github.com/docker/docker"
  packages = ["pkg/mount"]
  pruneopts = "UT"
  revision = "383a2f046b16c9f79d2fb800844e6550cc784871"

[[projects]]
  digest = "1:4096a64091a0fc31877e3cda07ccf214e924f95744880aa3b4bc1e6f6cf9830d"
  name = "github.com/fatih/color"
  packages = ["."]
  pruneopts = "UT"
  revision = "bf82308e8c8546dc2b945157173eb8a959ae9505"

[[projects]]
  digest = "1:c658e84ad3916da105a761660dcaeb01e63416c8ec7bc62256a9b411a05fcd67"
  name = "github.com/mattn/go-colorable"
  packages = ["."]
  pruneopts = "UT"
  revision = "167de6bfdfba052fa6b2d3664c8f5272e23c9072"
  version = "v0.0.9"

[[projects]]
  digest = "1:0981502f9816113c9c8c4ac301583841855c8cf4da8c72f696b3ebedf6d0e4e5"
  name = "github.com/mattn/go-isatty"
  packages = ["."]
  pruneopts = "UT"
  revision = "6ca4dbf54d38eea1a992b3c722a76a5d1c4cb25c"
  version = "v0.0.4"

[[projects]]
  digest = "1:a9abe51448fb76324c9a26b7fb568a047c5bcac2f1f0ae885bd3b1ccce403ac8"
  name = "github.com/miekg/dns"
  packages = ["."]
  pruneopts = "UT"
  revision = "58f52c57ce9df13460ac68200cef30a008b9c468"

[[projects]]
  digest = "1:20f5a7e77a50a4e0b65dadf78feb7dfa9496c7356035e72bf8a38a06ed3620aa"
  name = "github.com/oleiade/reflections"
  packages = ["."]
  pruneopts = "UT"
  revision = "0e86b3c98b2ff33e30c85cfe97d9a63d439fe7eb"

[[projects]]
  digest = "1:217648ea8e81eebd351f5ed9c0283e6e5a13866719ac9c4896768b877a152d67"
  name = "github.com/onsi/gomega"
  packages = [
    ".",
    "format",
    "internal/assertion",
    "internal/asyncassertion",
    "internal/oraclematcher",
    "internal/testingtsupport",
    "matchers",
    "matchers/support/goraph/bipartitegraph",
    "matchers/support/goraph/edge",
    "matchers/support/goraph/node",
    "matchers/support/goraph/util",
    "types",
  ]
  pruneopts = "UT"
  revision = "ff4bc6b6f9f5affa66635cd04d31d2a7ee21ffd6"

[[projects]]
  digest = "1:32110ac3e0b7b3e21aaff07eac85d37a4277d8f16cf3f328f61ffeb2f1659cf3"
  name = "github.com/opencontainers/runc"
  packages = ["libcontainer/user"]
  pruneopts = "UT"
  revision = "8779fa57eb4a810a7360187dfa5e168a76cf5d21"

[[projects]]
  digest = "1:fc61a390fb0ad4b97e31cd1040b91ed02f7ed175f55285efa7a4d10ae208282b"
  name = "github.com/patrickmn/go-cache"
  packages = ["."]
  pruneopts = "UT"
  revision = "1881a9bccb818787f68c52bfba648c6cf34c34fa"

[[projects]]
  digest = "1:46a5209e68232bc5ea9178a03ceb212b852a8520afc3e731379f290a129bca84"
  name = "github.com/urfave/cli"
  packages = ["."]
  pruneopts = "UT"
  revision = "d86a009f5e13f83df65d0d6cee9a2e3f1445f0da"

[[projects]]
  branch = "master"
  digest = "1:e52bdb638551e9a3d12b62c90ede03f09dc19348902cb6acd3aad8d0f45d1d5a"
  name = "golang.org/x/sys"
  packages = ["unix"]
  pruneopts = "UT"
  revision = "2a47403f2ae58167c4d75973960ccc62b28cb0d8"

[[projects]]
  digest = "1:cacb98d52c60c337c2ce95a7af83ba0313a93ce5e73fa9e99a96aff70776b9d3"
  name = "gopkg.in/yaml.v2"
  packages = ["."]
  pruneopts = "UT"
  revision = "a5b47d31c556af34a302ce5d659e6fea44d90de0"

[solve-meta]
  analyzer-name = "dep"
  analyzer-version = 1
  input-imports = [
    "github.com/achanda/go-sysctl",
    "github.com/aelsabbahy/GOnetstat",
    "github.com/aelsabbahy/go-ps",
    "github.com/cheekybits/genny/generic",
    "github.com/docker/docker/pkg/mount",
    "github.com/fatih/color",
    "github.com/miekg/dns",
    "github.com/oleiade/reflections",
    "github.com/onsi/gomega",
    "github.com/onsi/gomega/types",
    "github.com/opencontainers/runc/libcontainer/user",
    "github.com/patrickmn/go-cache",
    "github.com/urfave/cli",
    "gopkg.in/yaml.v2",
  ]
  solver-name = "gps-cdcl"
  solver-version = 1
